
Microsoft Visual Studio Solution File, Format Version 12.00
# Visual Studio Version 17
VisualStudioVersion = 17.8.34316.72
MinimumVisualStudioVersion = 10.0.40219.1
Project("{FAE04EC0-301F-11D3-BF4B-00C04F79EFBC}") = "WebAPIDemo", "WebAPIDemo\WebAPIDemo.csproj", "{681CAAB3-171E-48E2-817F-92DCC8BF93A0}"
EndProject
Global
	GlobalSection(SolutionConfigurationPlatforms) = preSolution
		Debug|Any CPU = Debug|Any CPU
		Release|Any CPU = Release|Any CPU
	EndGlobalSection
	GlobalSection(ProjectConfigurationPlatforms) = postSolution
		{681CAAB3-171E-48E2-817F-92DCC8BF93A0}.Debug|Any CPU.ActiveCfg = Debug|Any CPU
		{681CAAB3-171E-48E2-817F-92DCC8BF93A0}.Debug|Any CPU.Build.0 = Debug|Any CPU
		{681CAAB3-171E-48E2-817F-92DCC8BF93A0}.Release|Any CPU.ActiveCfg = Release|Any CPU
		{681CAAB3-171E-48E2-817F-92DCC8BF93A0}.Release|Any CPU.Build.0 = Release|Any CPU
	EndGlobalSection
	GlobalSection(SolutionProperties) = preSolution
		HideSolutionNode = FALSE
	EndGlobalSection
	GlobalSection(ExtensibilityGlobals) = postSolution
		SolutionGuid = {8E7B2E10-7556-43AE-B9D8-DB2B7AB83B87}
	EndGlobalSection
EndGlobal
